{
  "name": "local-node-modules",
  "version": "1.0.0",
  "lockfileVersion": 2,
  "requires": true,
  "packages": {
    "": {
      "name": "local-node-modules",
      "version": "1.0.0",
      "license": "ISC",
      "dependencies": {
        "foo": "file:local_modules/foo"
      }
    },
    "local_modules/foo": {
      "version": "1.0.1",
      "license": "ISC"
    },
    "node_modules/foo": {
      "resolved": "local_modules/foo",
      "link": true
    }
  },
  "dependencies": {
    "foo": {
      "version": "file:local_modules/foo"
    }
  }
}
